
Microsoft Visual Studio Solution File, Format Version 12.00
# Visual Studio Version 16
VisualStudioVersion = 16.0.32228.343
MinimumVisualStudioVersion = 10.0.40219.1
Project("{FAE04EC0-301F-11D3-BF4B-00C04F79EFBC}") = "Lesson1", "Lesson1\Lesson1.csproj", "{FDA0A85C-B69B-4DF5-92D3-7B33E147B962}"
EndProject
Project("{FAE04EC0-301F-11D3-BF4B-00C04F79EFBC}") = "Lesson2", "Lesson2\Lesson2.csproj", "{1D832FB6-6710-4EFF-AEA7-8775258AA75D}"
EndProject
Project("{FAE04EC0-301F-11D3-BF4B-00C04F79EFBC}") = "Lesson3", "Lesson3\Lesson3.csproj", "{C9B78C68-C0EE-4559-9EE7-36DAB3A54978}"
EndProject
Project("{FAE04EC0-301F-11D3-BF4B-00C04F79EFBC}") = "Lesson4", "Lesson4\Lesson4.csproj", "{44CF8A3F-8E2E-4AEE-A5D3-30761EFA7C97}"
EndProject
Project("{FAE04EC0-301F-11D3-BF4B-00C04F79EFBC}") = "Lesson5", "Lesson5\Lesson5.csproj", "{B31F62B3-DCA9-42D2-9245-B4BC68D114F4}"
EndProject
Global
	GlobalSection(SolutionConfigurationPlatforms) = preSolution
		Debug|Any CPU = Debug|Any CPU
		Release|Any CPU = Release|Any CPU
	EndGlobalSection
	GlobalSection(ProjectConfigurationPlatforms) = postSolution
		{FDA0A85C-B69B-4DF5-92D3-7B33E147B962}.Debug|Any CPU.ActiveCfg = Debug|Any CPU
		{FDA0A85C-B69B-4DF5-92D3-7B33E147B962}.Debug|Any CPU.Build.0 = Debug|Any CPU
		{FDA0A85C-B69B-4DF5-92D3-7B33E147B962}.Release|Any CPU.ActiveCfg = Release|Any CPU
		{FDA0A85C-B69B-4DF5-92D3-7B33E147B962}.Release|Any CPU.Build.0 = Release|Any CPU
		{1D832FB6-6710-4EFF-AEA7-8775258AA75D}.Debug|Any CPU.ActiveCfg = Debug|Any CPU
		{1D832FB6-6710-4EFF-AEA7-8775258AA75D}.Debug|Any CPU.Build.0 = Debug|Any CPU
		{1D832FB6-6710-4EFF-AEA7-8775258AA75D}.Release|Any CPU.ActiveCfg = Release|Any CPU
		{1D832FB6-6710-4EFF-AEA7-8775258AA75D}.Release|Any CPU.Build.0 = Release|Any CPU
		{C9B78C68-C0EE-4559-9EE7-36DAB3A54978}.Debug|Any CPU.ActiveCfg = Debug|Any CPU
		{C9B78C68-C0EE-4559-9EE7-36DAB3A54978}.Debug|Any CPU.Build.0 = Debug|Any CPU
		{C9B78C68-C0EE-4559-9EE7-36DAB3A54978}.Release|Any CPU.ActiveCfg = Release|Any CPU
		{C9B78C68-C0EE-4559-9EE7-36DAB3A54978}.Release|Any CPU.Build.0 = Release|Any CPU
		{44CF8A3F-8E2E-4AEE-A5D3-30761EFA7C97}.Debug|Any CPU.ActiveCfg = Debug|Any CPU
		{44CF8A3F-8E2E-4AEE-A5D3-30761EFA7C97}.Debug|Any CPU.Build.0 = Debug|Any CPU
		{44CF8A3F-8E2E-4AEE-A5D3-30761EFA7C97}.Release|Any CPU.ActiveCfg = Release|Any CPU
		{44CF8A3F-8E2E-4AEE-A5D3-30761EFA7C97}.Release|Any CPU.Build.0 = Release|Any CPU
		{B31F62B3-DCA9-42D2-9245-B4BC68D114F4}.Debug|Any CPU.ActiveCfg = Debug|Any CPU
		{B31F62B3-DCA9-42D2-9245-B4BC68D114F4}.Debug|Any CPU.Build.0 = Debug|Any CPU
		{B31F62B3-DCA9-42D2-9245-B4BC68D114F4}.Release|Any CPU.ActiveCfg = Release|Any CPU
		{B31F62B3-DCA9-42D2-9245-B4BC68D114F4}.Release|Any CPU.Build.0 = Release|Any CPU
	EndGlobalSection
	GlobalSection(SolutionProperties) = preSolution
		HideSolutionNode = FALSE
	EndGlobalSection
	GlobalSection(ExtensibilityGlobals) = postSolution
		SolutionGuid = {7D5D62E6-F20B-49BD-85EA-F05EFA99E18E}
	EndGlobalSection
EndGlobal
